// !$*UTF8*$!
{
	archiveVersion = 1;
	classes = {
	};
	objectVersion = 50;
	objects = {

/* Begin PBXBuildFile section */
		0939E2E521A1ACC6000DBE82 /* CommandVC.m in Sources */ = {isa = PBXBuildFile; fileRef = 0939E2E421A1ACC6000DBE82 /* CommandVC.m */; };
		0939E2E921A1C040000DBE82 /* BindVC.m in Sources */ = {isa = PBXBuildFile; fileRef = 0939E2E821A1C040000DBE82 /* BindVC.m */; };
		095A33D921A100F200C75CAC /* AppDelegate.m in Sources */ = {isa = PBXBuildFile; fileRef = 095A33D821A100F200C75CAC /* AppDelegate.m */; };
		095A33DC21A100F200C75CAC /* ViewController.m in Sources */ = {isa = PBXBuildFile; fileRef = 095A33DB21A100F200C75CAC /* ViewController.m */; };
		095A33DF21A100F200C75CAC /* Main.storyboard in Resources */ = {isa = PBXBuildFile; fileRef = 095A33DD21A100F200C75CAC /* Main.storyboard */; };
		095A33E121A100F200C75CAC /* Assets.xcassets in Resources */ = {isa = PBXBuildFile; fileRef = 095A33E021A100F200C75CAC /* Assets.xcassets */; };
		095A33E421A100F200C75CAC /* LaunchScreen.storyboard in Resources */ = {isa = PBXBuildFile; fileRef = 095A33E221A100F200C75CAC /* LaunchScreen.storyboard */; };
		095A33E721A100F200C75CAC /* main.m in Sources */ = {isa = PBXBuildFile; fileRef = 095A33E621A100F200C75CAC /* main.m */; };
		095A33F221A1074200C75CAC /* FenceVC.m in Sources */ = {isa = PBXBuildFile; fileRef = 095A33F121A1074200C75CAC /* FenceVC.m */; };
		095A33F521A10EB400C75CAC /* ConnecttionVC.m in Sources */ = {isa = PBXBuildFile; fileRef = 095A33F421A10EB400C75CAC /* ConnecttionVC.m */; };
		B3357B62FB66C10AF131810B /* libPods-RAC-第四课.a in Frameworks */ = {isa = PBXBuildFile; fileRef = 7E5B0845588834A270DCE34E /* libPods-RAC-第四课.a */; };
/* End PBXBuildFile section */

/* Begin PBXFileReference section */
		0939E2E321A1ACC6000DBE82 /* CommandVC.h */ = {isa = PBXFileReference; lastKnownFileType = sourcecode.c.h; path = CommandVC.h; sourceTree = "<group>"; };
		0939E2E421A1ACC6000DBE82 /* CommandVC.m */ = {isa = PBXFileReference; lastKnownFileType = sourcecode.c.objc; path = CommandVC.m; sourceTree = "<group>"; };
		0939E2E721A1C040000DBE82 /* BindVC.h */ = {isa = PBXFileReference; lastKnownFileType = sourcecode.c.h; path = BindVC.h; sourceTree = "<group>"; };
		0939E2E821A1C040000DBE82 /* BindVC.m */ = {isa = PBXFileReference; lastKnownFileType = sourcecode.c.objc; path = BindVC.m; sourceTree = "<group>"; };
		095A33D421A100F200C75CAC /* RAC-第四课.app */ = {isa = PBXFileReference; explicitFileType = wrapper.application; includeInIndex = 0; path = "RAC-第四课.app"; sourceTree = BUILT_PRODUCTS_DIR; };
		095A33D721A100F200C75CAC /* AppDelegate.h */ = {isa = PBXFileReference; lastKnownFileType = sourcecode.c.h; path = AppDelegate.h; sourceTree = "<group>"; };
		095A33D821A100F200C75CAC /* AppDelegate.m */ = {isa = PBXFileReference; lastKnownFileType = sourcecode.c.objc; path = AppDelegate.m; sourceTree = "<group>"; };
		095A33DA21A100F200C75CAC /* ViewController.h */ = {isa = PBXFileReference; lastKnownFileType = sourcecode.c.h; path = ViewController.h; sourceTree = "<group>"; };
		095A33DB21A100F200C75CAC /* ViewController.m */ = {isa = PBXFileReference; lastKnownFileType = sourcecode.c.objc; path = ViewController.m; sourceTree = "<group>"; };
		095A33DE21A100F200C75CAC /* Base */ = {isa = PBXFileReference; lastKnownFileType = file.storyboard; name = Base; path = Base.lproj/Main.storyboard; sourceTree = "<group>"; };
		095A33E021A100F200C75CAC /* Assets.xcassets */ = {isa = PBXFileReference; lastKnownFileType = folder.assetcatalog; path = Assets.xcassets; sourceTree = "<group>"; };
		095A33E321A100F200C75CAC /* Base */ = {isa = PBXFileReference; lastKnownFileType = file.storyboard; name = Base; path = Base.lproj/LaunchScreen.storyboard; sourceTree = "<group>"; };
		095A33E521A100F200C75CAC /* Info.plist */ = {isa = PBXFileReference; lastKnownFileType = text.plist.xml; path = Info.plist; sourceTree = "<group>"; };
		095A33E621A100F200C75CAC /* main.m */ = {isa = PBXFileReference; lastKnownFileType = sourcecode.c.objc; path = main.m; sourceTree = "<group>"; };
		095A33F021A1074200C75CAC /* FenceVC.h */ = {isa = PBXFileReference; lastKnownFileType = sourcecode.c.h; path = FenceVC.h; sourceTree = "<group>"; };
		095A33F121A1074200C75CAC /* FenceVC.m */ = {isa = PBXFileReference; lastKnownFileType = sourcecode.c.objc; path = FenceVC.m; sourceTree = "<group>"; };
		095A33F321A10EB400C75CAC /* ConnecttionVC.h */ = {isa = PBXFileReference; lastKnownFileType = sourcecode.c.h; path = ConnecttionVC.h; sourceTree = "<group>"; };
		095A33F421A10EB400C75CAC /* ConnecttionVC.m */ = {isa = PBXFileReference; lastKnownFileType = sourcecode.c.objc; path = ConnecttionVC.m; sourceTree = "<group>"; };
		4F7A99C55D19C4E9FE4A3612 /* Pods-RAC-第四课.debug.xcconfig */ = {isa = PBXFileReference; includeInIndex = 1; lastKnownFileType = text.xcconfig; name = "Pods-RAC-第四课.debug.xcconfig"; path = "../Pods/Target Support Files/Pods-RAC-第四课/Pods-RAC-第四课.debug.xcconfig"; sourceTree = "<group>"; };
		560E228E4C4F004569322AC3 /* Pods-RAC-第四课.release.xcconfig */ = {isa = PBXFileReference; includeInIndex = 1; lastKnownFileType = text.xcconfig; name = "Pods-RAC-第四课.release.xcconfig"; path = "../Pods/Target Support Files/Pods-RAC-第四课/Pods-RAC-第四课.release.xcconfig"; sourceTree = "<group>"; };
		7E5B0845588834A270DCE34E /* libPods-RAC-第四课.a */ = {isa = PBXFileReference; explicitFileType = archive.ar; includeInIndex = 0; path = "libPods-RAC-第四课.a"; sourceTree = BUILT_PRODUCTS_DIR; };
/* End PBXFileReference section */

/* Begin PBXFrameworksBuildPhase section */
		095A33D121A100F200C75CAC /* Frameworks */ = {
			isa = PBXFrameworksBuildPhase;
			buildActionMask = 2147483647;
			files = (
				B3357B62FB66C10AF131810B /* libPods-RAC-第四课.a in Frameworks */,
			);
			runOnlyForDeploymentPostprocessing = 0;
		};
/* End PBXFrameworksBuildPhase section */

/* Begin PBXGroup section */
		0939E2E621A1BFDD000DBE82 /* 绑定 */ = {
			isa = PBXGroup;
			children = (
				0939E2E721A1C040000DBE82 /* BindVC.h */,
				0939E2E821A1C040000DBE82 /* BindVC.m */,
			);
			path = "绑定";
			sourceTree = "<group>";
		};
		095A33CB21A100F200C75CAC = {
			isa = PBXGroup;
			children = (
				095A33D621A100F200C75CAC /* RAC-第四课 */,
				095A33D521A100F200C75CAC /* Products */,
				EBA335D3C1C148B7DC52D805 /* Pods */,
				65DA7FE894CFE7399BEFCDD1 /* Frameworks */,
			);
			sourceTree = "<group>";
		};
		095A33D521A100F200C75CAC /* Products */ = {
			isa = PBXGroup;
			children = (
				095A33D421A100F200C75CAC /* RAC-第四课.app */,
			);
			name = Products;
			sourceTree = "<group>";
		};
		095A33D621A100F200C75CAC /* RAC-第四课 */ = {
			isa = PBXGroup;
			children = (
				095A33D721A100F200C75CAC /* AppDelegate.h */,
				095A33D821A100F200C75CAC /* AppDelegate.m */,
				095A33DA21A100F200C75CAC /* ViewController.h */,
				095A33DB21A100F200C75CAC /* ViewController.m */,
				095A33EF21A101BD00C75CAC /* 栅栏 */,
				095A33EE21A101B600C75CAC /* 多订阅 */,
				095A33ED21A101AD00C75CAC /* 命令 */,
				0939E2E621A1BFDD000DBE82 /* 绑定 */,
				095A33DD21A100F200C75CAC /* Main.storyboard */,
				095A33E021A100F200C75CAC /* Assets.xcassets */,
				095A33E221A100F200C75CAC /* LaunchScreen.storyboard */,
				095A33E521A100F200C75CAC /* Info.plist */,
				095A33E621A100F200C75CAC /* main.m */,
			);
			path = "RAC-第四课";
			sourceTree = "<group>";
		};
		095A33ED21A101AD00C75CAC /* 命令 */ = {
			isa = PBXGroup;
			children = (
				0939E2E321A1ACC6000DBE82 /* CommandVC.h */,
				0939E2E421A1ACC6000DBE82 /* CommandVC.m */,
			);
			path = "命令";
			sourceTree = "<group>";
		};
		095A33EE21A101B600C75CAC /* 多订阅 */ = {
			isa = PBXGroup;
			children = (
				095A33F321A10EB400C75CAC /* ConnecttionVC.h */,
				095A33F421A10EB400C75CAC /* ConnecttionVC.m */,
			);
			path = "多订阅";
			sourceTree = "<group>";
		};
		095A33EF21A101BD00C75CAC /* 栅栏 */ = {
			isa = PBXGroup;
			children = (
				095A33F021A1074200C75CAC /* FenceVC.h */,
				095A33F121A1074200C75CAC /* FenceVC.m */,
			);
			path = "栅栏";
			sourceTree = "<group>";
		};
		65DA7FE894CFE7399BEFCDD1 /* Frameworks */ = {
			isa = PBXGroup;
			children = (
				7E5B0845588834A270DCE34E /* libPods-RAC-第四课.a */,
			);
			name = Frameworks;
			sourceTree = "<group>";
		};
		EBA335D3C1C148B7DC52D805 /* Pods */ = {
			isa = PBXGroup;
			children = (
				4F7A99C55D19C4E9FE4A3612 /* Pods-RAC-第四课.debug.xcconfig */,
				560E228E4C4F004569322AC3 /* Pods-RAC-第四课.release.xcconfig */,
			);
			name = Pods;
			sourceTree = "<group>";
		};
/* End PBXGroup section */

/* Begin PBXNativeTarget section */
		095A33D321A100F200C75CAC /* RAC-第四课 */ = {
			isa = PBXNativeTarget;
			buildConfigurationList = 095A33EA21A100F200C75CAC /* Build configuration list for PBXNativeTarget "RAC-第四课" */;
			buildPhases = (
				889DAC204D203D8D249CE172 /* [CP] Check Pods Manifest.lock */,
				095A33D021A100F200C75CAC /* Sources */,
				095A33D121A100F200C75CAC /* Frameworks */,
				095A33D221A100F200C75CAC /* Resources */,
			);
			buildRules = (
			);
			dependencies = (
			);
			name = "RAC-第四课";
			productName = "RAC-第四课";
			productReference = 095A33D421A100F200C75CAC /* RAC-第四课.app */;
			productType = "com.apple.product-type.application";
		};
/* End PBXNativeTarget section */

/* Begin PBXProject section */
		095A33CC21A100F200C75CAC /* Project object */ = {
			isa = PBXProject;
			attributes = {
				LastUpgradeCheck = 0940;
				ORGANIZATIONNAME = Wanwin;
				TargetAttributes = {
					095A33D321A100F200C75CAC = {
						CreatedOnToolsVersion = 9.4;
					};
				};
			};
			buildConfigurationList = 095A33CF21A100F200C75CAC /* Build configuration list for PBXProject "RAC-第四课" */;
			compatibilityVersion = "Xcode 9.3";
			developmentRegion = en;
			hasScannedForEncodings = 0;
			knownRegions = (
				en,
				Base,
			);
			mainGroup = 095A33CB21A100F200C75CAC;
			productRefGroup = 095A33D521A100F200C75CAC /* Products */;
			projectDirPath = "";
			projectRoot = "";
			targets = (
				095A33D321A100F200C75CAC /* RAC-第四课 */,
			);
		};
/* End PBXProject section */

/* Begin PBXResourcesBuildPhase section */
		095A33D221A100F200C75CAC /* Resources */ = {
			isa = PBXResourcesBuildPhase;
			buildActionMask = 2147483647;
			files = (
				095A33E421A100F200C75CAC /* LaunchScreen.storyboard in Resources */,
				095A33E121A100F200C75CAC /* Assets.xcassets in Resources */,
				095A33DF21A100F200C75CAC /* Main.storyboard in Resources */,
			);
			runOnlyForDeploymentPostprocessing = 0;
		};
/* End PBXResourcesBuildPhase section */

/* Begin PBXShellScriptBuildPhase section */
		889DAC204D203D8D249CE172 /* [CP] Check Pods Manifest.lock */ = {
			isa = PBXShellScriptBuildPhase;
			buildActionMask = 2147483647;
			files = (
			);
			inputPaths = (
				"${PODS_PODFILE_DIR_PATH}/Podfile.lock",
				"${PODS_ROOT}/Manifest.lock",
			);
			name = "[CP] Check Pods Manifest.lock";
			outputPaths = (
				"$(DERIVED_FILE_DIR)/Pods-RAC-第四课-checkManifestLockResult.txt",
			);
			runOnlyForDeploymentPostprocessing = 0;
			shellPath = /bin/sh;
			shellScript = "diff \"${PODS_PODFILE_DIR_PATH}/Podfile.lock\" \"${PODS_ROOT}/Manifest.lock\" > /dev/null\nif [ $? != 0 ] ; then\n    # print error to STDERR\n    echo \"error: The sandbox is not in sync with the Podfile.lock. Run 'pod install' or update your CocoaPods installation.\" >&2\n    exit 1\nfi\n# This output is used by Xcode 'outputs' to avoid re-running this script phase.\necho \"SUCCESS\" > \"${SCRIPT_OUTPUT_FILE_0}\"\n";
			showEnvVarsInLog = 0;
		};
/* End PBXShellScriptBuildPhase section */

/* Begin PBXSourcesBuildPhase section */
		095A33D021A100F200C75CAC /* Sources */ = {
			isa = PBXSourcesBuildPhase;
			buildActionMask = 2147483647;
			files = (
				095A33DC21A100F200C75CAC /* ViewController.m in Sources */,
				095A33E721A100F200C75CAC /* main.m in Sources */,
				095A33F221A1074200C75CAC /* FenceVC.m in Sources */,
				0939E2E921A1C040000DBE82 /* BindVC.m in Sources */,
				095A33D921A100F200C75CAC /* AppDelegate.m in Sources */,
				0939E2E521A1ACC6000DBE82 /* CommandVC.m in Sources */,
				095A33F521A10EB400C75CAC /* ConnecttionVC.m in Sources */,
			);
			runOnlyForDeploymentPostprocessing = 0;
		};
/* End PBXSourcesBuildPhase section */

/* Begin PBXVariantGroup section */
		095A33DD21A100F200C75CAC /* Main.storyboard */ = {
			isa = PBXVariantGroup;
			children = (
				095A33DE21A100F200C75CAC /* Base */,
			);
			name = Main.storyboard;
			sourceTree = "<group>";
		};
		095A33E221A100F200C75CAC /* LaunchScreen.storyboard */ = {
			isa = PBXVariantGroup;
			children = (
				095A33E321A100F200C75CAC /* Base */,
			);
			name = LaunchScreen.storyboard;
			sourceTree = "<group>";
		};
/* End PBXVariantGroup section */

/* Begin XCBuildConfiguration section */
		095A33E821A100F200C75CAC /* Debug */ = {
			isa = XCBuildConfiguration;
			buildSettings = {
				ALWAYS_SEARCH_USER_PATHS = NO;
				CLANG_ANALYZER_NONNULL = YES;
				CLANG_ANALYZER_NUMBER_OBJECT_CONVERSION = YES_AGGRESSIVE;
				CLANG_CXX_LANGUAGE_STANDARD = "gnu++14";
				CLANG_CXX_LIBRARY = "libc++";
				CLANG_ENABLE_MODULES = YES;
				CLANG_ENABLE_OBJC_ARC = YES;
				CLANG_ENABLE_OBJC_WEAK = YES;
				CLANG_WARN_BLOCK_CAPTURE_AUTORELEASING = YES;
				CLANG_WARN_BOOL_CONVERSION = YES;
				CLANG_WARN_COMMA = YES;
				CLANG_WARN_CONSTANT_CONVERSION = YES;
				CLANG_WARN_DEPRECATED_OBJC_IMPLEMENTATIONS = YES;
				CLANG_WARN_DIRECT_OBJC_ISA_USAGE = YES_ERROR;
				CLANG_WARN_DOCUMENTATION_COMMENTS = YES;
				CLANG_WARN_EMPTY_BODY = YES;
				CLANG_WARN_ENUM_CONVERSION = YES;
				CLANG_WARN_INFINITE_RECURSION = YES;
				CLANG_WARN_INT_CONVERSION = YES;
				CLANG_WARN_NON_LITERAL_NULL_CONVERSION = YES;
				CLANG_WARN_OBJC_IMPLICIT_RETAIN_SELF = YES;
				CLANG_WARN_OBJC_LITERAL_CONVERSION = YES;
				CLANG_WARN_OBJC_ROOT_CLASS = YES_ERROR;
				CLANG_WARN_RANGE_LOOP_ANALYSIS = YES;
				CLANG_WARN_STRICT_PROTOTYPES = YES;
				CLANG_WARN_SUSPICIOUS_MOVE = YES;
				CLANG_WARN_UNGUARDED_AVAILABILITY = YES_AGGRESSIVE;
				CLANG_WARN_UNREACHABLE_CODE = YES;
				CLANG_WARN__DUPLICATE_METHOD_MATCH = YES;
				CODE_SIGN_IDENTITY = "iPhone Developer";
				COPY_PHASE_STRIP = NO;
				DEBUG_INFORMATION_FORMAT = dwarf;
				ENABLE_STRICT_OBJC_MSGSEND = YES;
				ENABLE_TESTABILITY = YES;
				GCC_C_LANGUAGE_STANDARD = gnu11;
				GCC_DYNAMIC_NO_PIC = NO;
				GCC_NO_COMMON_BLOCKS = YES;
				GCC_OPTIMIZATION_LEVEL = 0;
				GCC_PREPROCESSOR_DEFINITIONS = (
					"DEBUG=1",
					"$(inherited)",
				);
				GCC_WARN_64_TO_32_BIT_CONVERSION = YES;
				GCC_WARN_ABOUT_RETURN_TYPE = YES_ERROR;
				GCC_WARN_UNDECLARED_SELECTOR = YES;
				GCC_WARN_UNINITIALIZED_AUTOS = YES_AGGRESSIVE;
				GCC_WARN_UNUSED_FUNCTION = YES;
				GCC_WARN_UNUSED_VARIABLE = YES;
				IPHONEOS_DEPLOYMENT_TARGET = 11.4;
				MTL_ENABLE_DEBUG_INFO = YES;
				ONLY_ACTIVE_ARCH = YES;
				SDKROOT = iphoneos;
			};
			name = Debug;
		};
		095A33E921A100F200C75CAC /* Release */ = {
			isa = XCBuildConfiguration;
			buildSettings = {
				ALWAYS_SEARCH_USER_PATHS = NO;
				CLANG_ANALYZER_NONNULL = YES;
				CLANG_ANALYZER_NUMBER_OBJECT_CONVERSION = YES_AGGRESSIVE;
				CLANG_CXX_LANGUAGE_STANDARD = "gnu++14";
				CLANG_CXX_LIBRARY = "libc++";
				CLANG_ENABLE_MODULES = YES;
				CLANG_ENABLE_OBJC_ARC = YES;
				CLANG_ENABLE_OBJC_WEAK = YES;
				CLANG_WARN_BLOCK_CAPTURE_AUTORELEASING = YES;
				CLANG_WARN_BOOL_CONVERSION = YES;
				CLANG_WARN_COMMA = YES;
				CLANG_WARN_CONSTANT_CONVERSION = YES;
				CLANG_WARN_DEPRECATED_OBJC_IMPLEMENTATIONS = YES;
				CLANG_WARN_DIRECT_OBJC_ISA_USAGE = YES_ERROR;
				CLANG_WARN_DOCUMENTATION_COMMENTS = YES;
				CLANG_WARN_EMPTY_BODY = YES;
				CLANG_WARN_ENUM_CONVERSION = YES;
				CLANG_WARN_INFINITE_RECURSION = YES;
				CLANG_WARN_INT_CONVERSION = YES;
				CLANG_WARN_NON_LITERAL_NULL_CONVERSION = YES;
				CLANG_WARN_OBJC_IMPLICIT_RETAIN_SELF = YES;
				CLANG_WARN_OBJC_LITERAL_CONVERSION = YES;
				CLANG_WARN_OBJC_ROOT_CLASS = YES_ERROR;
				CLANG_WARN_RANGE_LOOP_ANALYSIS = YES;
				CLANG_WARN_STRICT_PROTOTYPES = YES;
				CLANG_WARN_SUSPICIOUS_MOVE = YES;
				CLANG_WARN_UNGUARDED_AVAILABILITY = YES_AGGRESSIVE;
				CLANG_WARN_UNREACHABLE_CODE = YES;
				CLANG_WARN__DUPLICATE_METHOD_MATCH = YES;
				CODE_SIGN_IDENTITY = "iPhone Developer";
				COPY_PHASE_STRIP = NO;
				DEBUG_INFORMATION_FORMAT = "dwarf-with-dsym";
				ENABLE_NS_ASSERTIONS = NO;
				ENABLE_STRICT_OBJC_MSGSEND = YES;
				GCC_C_LANGUAGE_STANDARD = gnu11;
				GCC_NO_COMMON_BLOCKS = YES;
				GCC_WARN_64_TO_32_BIT_CONVERSION = YES;
				GCC_WARN_ABOUT_RETURN_TYPE = YES_ERROR;
				GCC_WARN_UNDECLARED_SELECTOR = YES;
				GCC_WARN_UNINITIALIZED_AUTOS = YES_AGGRESSIVE;
				GCC_WARN_UNUSED_FUNCTION = YES;
				GCC_WARN_UNUSED_VARIABLE = YES;
				IPHONEOS_DEPLOYMENT_TARGET = 11.4;
				MTL_ENABLE_DEBUG_INFO = NO;
				SDKROOT = iphoneos;
				VALIDATE_PRODUCT = YES;
			};
			name = Release;
		};
		095A33EB21A100F200C75CAC /* Debug */ = {
			isa = XCBuildConfiguration;
			baseConfigurationReference = 4F7A99C55D19C4E9FE4A3612 /* Pods-RAC-第四课.debug.xcconfig */;
			buildSettings = {
				ASSETCATALOG_COMPILER_APPICON_NAME = AppIcon;
				CODE_SIGN_STYLE = Automatic;
				DEVELOPMENT_TEAM = 7TNL83WLRC;
				INFOPLIST_FILE = "RAC-第四课/Info.plist";
				LD_RUNPATH_SEARCH_PATHS = (
					"$(inherited)",
					"@executable_path/Frameworks",
				);
				PRODUCT_BUNDLE_IDENTIFIER = "dyt.personalDemo.RAC----";
				PRODUCT_NAME = "$(TARGET_NAME)";
				TARGETED_DEVICE_FAMILY = "1,2";
			};
			name = Debug;
		};
		095A33EC21A100F200C75CAC /* Release */ = {
			isa = XCBuildConfiguration;
			baseConfigurationReference = 560E228E4C4F004569322AC3 /* Pods-RAC-第四课.release.xcconfig */;
			buildSettings = {
				ASSETCATALOG_COMPILER_APPICON_NAME = AppIcon;
				CODE_SIGN_STYLE = Automatic;
				DEVELOPMENT_TEAM = 7TNL83WLRC;
				INFOPLIST_FILE = "RAC-第四课/Info.plist";
				LD_RUNPATH_SEARCH_PATHS = (
					"$(inherited)",
					"@executable_path/Frameworks",
				);
				PRODUCT_BUNDLE_IDENTIFIER = "dyt.personalDemo.RAC----";
				PRODUCT_NAME = "$(TARGET_NAME)";
				TARGETED_DEVICE_FAMILY = "1,2";
			};
			name = Release;
		};
/* End XCBuildConfiguration section */

/* Begin XCConfigurationList section */
		095A33CF21A100F200C75CAC /* Build configuration list for PBXProject "RAC-第四课" */ = {
			isa = XCConfigurationList;
			buildConfigurations = (
				095A33E821A100F200C75CAC /* Debug */,
				095A33E921A100F200C75CAC /* Release */,
			);
			defaultConfigurationIsVisible = 0;
			defaultConfigurationName = Release;
		};
		095A33EA21A100F200C75CAC /* Build configuration list for PBXNativeTarget "RAC-第四课" */ = {
			isa = XCConfigurationList;
			buildConfigurations = (
				095A33EB21A100F200C75CAC /* Debug */,
				095A33EC21A100F200C75CAC /* Release */,
			);
			defaultConfigurationIsVisible = 0;
			defaultConfigurationName = Release;
		};
/* End XCConfigurationList section */
	};
	rootObject = 095A33CC21A100F200C75CAC /* Project object */;
}
