// !$*UTF8*$!
{
	archiveVersion = 1;
	classes = {
	};
	objectVersion = 50;
	objects = {

/* Begin PBXBuildFile section */
		09C7E81F219AE7DC006E2F4B /* AppDelegate.m in Sources */ = {isa = PBXBuildFile; fileRef = 09C7E81E219AE7DC006E2F4B /* AppDelegate.m */; };
		09C7E822219AE7DC006E2F4B /* ViewController.m in Sources */ = {isa = PBXBuildFile; fileRef = 09C7E821219AE7DC006E2F4B /* ViewController.m */; };
		09C7E825219AE7DC006E2F4B /* Main.storyboard in Resources */ = {isa = PBXBuildFile; fileRef = 09C7E823219AE7DC006E2F4B /* Main.storyboard */; };
		09C7E827219AE7DD006E2F4B /* Assets.xcassets in Resources */ = {isa = PBXBuildFile; fileRef = 09C7E826219AE7DD006E2F4B /* Assets.xcassets */; };
		09C7E82A219AE7DD006E2F4B /* LaunchScreen.storyboard in Resources */ = {isa = PBXBuildFile; fileRef = 09C7E828219AE7DD006E2F4B /* LaunchScreen.storyboard */; };
		09C7E82D219AE7DD006E2F4B /* main.m in Sources */ = {isa = PBXBuildFile; fileRef = 09C7E82C219AE7DD006E2F4B /* main.m */; };
		09C7E837219AE7DD006E2F4B /* RAC____Tests.m in Sources */ = {isa = PBXBuildFile; fileRef = 09C7E836219AE7DD006E2F4B /* RAC____Tests.m */; };
		09C7E842219AE7DD006E2F4B /* RAC____UITests.m in Sources */ = {isa = PBXBuildFile; fileRef = 09C7E841219AE7DD006E2F4B /* RAC____UITests.m */; };
		0A9DD3DF94D87F3089C19B1E /* libPods-RAC-第一课.a in Frameworks */ = {isa = PBXBuildFile; fileRef = 98B536B1EA641E009F53E19A /* libPods-RAC-第一课.a */; };
/* End PBXBuildFile section */

/* Begin PBXContainerItemProxy section */
		09C7E833219AE7DD006E2F4B /* PBXContainerItemProxy */ = {
			isa = PBXContainerItemProxy;
			containerPortal = 09C7E812219AE7DC006E2F4B /* Project object */;
			proxyType = 1;
			remoteGlobalIDString = 09C7E819219AE7DC006E2F4B;
			remoteInfo = "RAC-第一课";
		};
		09C7E83E219AE7DD006E2F4B /* PBXContainerItemProxy */ = {
			isa = PBXContainerItemProxy;
			containerPortal = 09C7E812219AE7DC006E2F4B /* Project object */;
			proxyType = 1;
			remoteGlobalIDString = 09C7E819219AE7DC006E2F4B;
			remoteInfo = "RAC-第一课";
		};
/* End PBXContainerItemProxy section */

/* Begin PBXFileReference section */
		09C7E81A219AE7DC006E2F4B /* RAC-第一课.app */ = {isa = PBXFileReference; explicitFileType = wrapper.application; includeInIndex = 0; path = "RAC-第一课.app"; sourceTree = BUILT_PRODUCTS_DIR; };
		09C7E81D219AE7DC006E2F4B /* AppDelegate.h */ = {isa = PBXFileReference; lastKnownFileType = sourcecode.c.h; path = AppDelegate.h; sourceTree = "<group>"; };
		09C7E81E219AE7DC006E2F4B /* AppDelegate.m */ = {isa = PBXFileReference; lastKnownFileType = sourcecode.c.objc; path = AppDelegate.m; sourceTree = "<group>"; };
		09C7E820219AE7DC006E2F4B /* ViewController.h */ = {isa = PBXFileReference; lastKnownFileType = sourcecode.c.h; path = ViewController.h; sourceTree = "<group>"; };
		09C7E821219AE7DC006E2F4B /* ViewController.m */ = {isa = PBXFileReference; lastKnownFileType = sourcecode.c.objc; path = ViewController.m; sourceTree = "<group>"; };
		09C7E824219AE7DC006E2F4B /* Base */ = {isa = PBXFileReference; lastKnownFileType = file.storyboard; name = Base; path = Base.lproj/Main.storyboard; sourceTree = "<group>"; };
		09C7E826219AE7DD006E2F4B /* Assets.xcassets */ = {isa = PBXFileReference; lastKnownFileType = folder.assetcatalog; path = Assets.xcassets; sourceTree = "<group>"; };
		09C7E829219AE7DD006E2F4B /* Base */ = {isa = PBXFileReference; lastKnownFileType = file.storyboard; name = Base; path = Base.lproj/LaunchScreen.storyboard; sourceTree = "<group>"; };
		09C7E82B219AE7DD006E2F4B /* Info.plist */ = {isa = PBXFileReference; lastKnownFileType = text.plist.xml; path = Info.plist; sourceTree = "<group>"; };
		09C7E82C219AE7DD006E2F4B /* main.m */ = {isa = PBXFileReference; lastKnownFileType = sourcecode.c.objc; path = main.m; sourceTree = "<group>"; };
		09C7E832219AE7DD006E2F4B /* RAC-第一课Tests.xctest */ = {isa = PBXFileReference; explicitFileType = wrapper.cfbundle; includeInIndex = 0; path = "RAC-第一课Tests.xctest"; sourceTree = BUILT_PRODUCTS_DIR; };
		09C7E836219AE7DD006E2F4B /* RAC____Tests.m */ = {isa = PBXFileReference; lastKnownFileType = sourcecode.c.objc; path = "RAC____Tests.m"; sourceTree = "<group>"; };
		09C7E838219AE7DD006E2F4B /* Info.plist */ = {isa = PBXFileReference; lastKnownFileType = text.plist.xml; path = Info.plist; sourceTree = "<group>"; };
		09C7E83D219AE7DD006E2F4B /* RAC-第一课UITests.xctest */ = {isa = PBXFileReference; explicitFileType = wrapper.cfbundle; includeInIndex = 0; path = "RAC-第一课UITests.xctest"; sourceTree = BUILT_PRODUCTS_DIR; };
		09C7E841219AE7DD006E2F4B /* RAC____UITests.m */ = {isa = PBXFileReference; lastKnownFileType = sourcecode.c.objc; path = "RAC____UITests.m"; sourceTree = "<group>"; };
		09C7E843219AE7DD006E2F4B /* Info.plist */ = {isa = PBXFileReference; lastKnownFileType = text.plist.xml; path = Info.plist; sourceTree = "<group>"; };
		09C7E852219B047F006E2F4B /* Pods_RAC_第一节.framework */ = {isa = PBXFileReference; explicitFileType = wrapper.framework; path = "Pods_RAC_第一节.framework"; sourceTree = BUILT_PRODUCTS_DIR; };
		09C7E947219E55D0006E2F4B /* libPods-Last.a */ = {isa = PBXFileReference; explicitFileType = archive.ar; path = "libPods-Last.a"; sourceTree = BUILT_PRODUCTS_DIR; };
		09C7E949219E5683006E2F4B /* libReactiveObjC.a */ = {isa = PBXFileReference; explicitFileType = archive.ar; path = libReactiveObjC.a; sourceTree = BUILT_PRODUCTS_DIR; };
		09C7E94B219E56CA006E2F4B /* libPods-LastTests.a */ = {isa = PBXFileReference; explicitFileType = archive.ar; path = "libPods-LastTests.a"; sourceTree = BUILT_PRODUCTS_DIR; };
		98B536B1EA641E009F53E19A /* libPods-RAC-第一课.a */ = {isa = PBXFileReference; explicitFileType = archive.ar; includeInIndex = 0; path = "libPods-RAC-第一课.a"; sourceTree = BUILT_PRODUCTS_DIR; };
		E58A00AA04432A39DE2B34FF /* Pods-RAC-第一课.release.xcconfig */ = {isa = PBXFileReference; includeInIndex = 1; lastKnownFileType = text.xcconfig; name = "Pods-RAC-第一课.release.xcconfig"; path = "../Pods/Target Support Files/Pods-RAC-第一课/Pods-RAC-第一课.release.xcconfig"; sourceTree = "<group>"; };
		FCA56D452466AA76E35775B4 /* Pods-RAC-第一课.debug.xcconfig */ = {isa = PBXFileReference; includeInIndex = 1; lastKnownFileType = text.xcconfig; name = "Pods-RAC-第一课.debug.xcconfig"; path = "../Pods/Target Support Files/Pods-RAC-第一课/Pods-RAC-第一课.debug.xcconfig"; sourceTree = "<group>"; };
/* End PBXFileReference section */

/* Begin PBXFrameworksBuildPhase section */
		09C7E817219AE7DC006E2F4B /* Frameworks */ = {
			isa = PBXFrameworksBuildPhase;
			buildActionMask = 2147483647;
			files = (
				0A9DD3DF94D87F3089C19B1E /* libPods-RAC-第一课.a in Frameworks */,
			);
			runOnlyForDeploymentPostprocessing = 0;
		};
		09C7E82F219AE7DD006E2F4B /* Frameworks */ = {
			isa = PBXFrameworksBuildPhase;
			buildActionMask = 2147483647;
			files = (
			);
			runOnlyForDeploymentPostprocessing = 0;
		};
		09C7E83A219AE7DD006E2F4B /* Frameworks */ = {
			isa = PBXFrameworksBuildPhase;
			buildActionMask = 2147483647;
			files = (
			);
			runOnlyForDeploymentPostprocessing = 0;
		};
/* End PBXFrameworksBuildPhase section */

/* Begin PBXGroup section */
		090E03A321C24ADD00BDFA75 /* 信号 */ = {
			isa = PBXGroup;
			children = (
				09C7E820219AE7DC006E2F4B /* ViewController.h */,
				09C7E821219AE7DC006E2F4B /* ViewController.m */,
			);
			path = "信号";
			sourceTree = "<group>";
		};
		09C7E811219AE7DC006E2F4B = {
			isa = PBXGroup;
			children = (
				09C7E81C219AE7DC006E2F4B /* RAC-第一课 */,
				09C7E835219AE7DD006E2F4B /* RAC-第一课Tests */,
				09C7E840219AE7DD006E2F4B /* RAC-第一课UITests */,
				09C7E81B219AE7DC006E2F4B /* Products */,
				09C7E84F219B0460006E2F4B /* Frameworks */,
				131285A9FA0D9727E294D17A /* Pods */,
			);
			sourceTree = "<group>";
		};
		09C7E81B219AE7DC006E2F4B /* Products */ = {
			isa = PBXGroup;
			children = (
				09C7E81A219AE7DC006E2F4B /* RAC-第一课.app */,
				09C7E832219AE7DD006E2F4B /* RAC-第一课Tests.xctest */,
				09C7E83D219AE7DD006E2F4B /* RAC-第一课UITests.xctest */,
			);
			name = Products;
			sourceTree = "<group>";
		};
		09C7E81C219AE7DC006E2F4B /* RAC-第一课 */ = {
			isa = PBXGroup;
			children = (
				09C7E81D219AE7DC006E2F4B /* AppDelegate.h */,
				09C7E81E219AE7DC006E2F4B /* AppDelegate.m */,
				090E03A321C24ADD00BDFA75 /* 信号 */,
				09C7E823219AE7DC006E2F4B /* Main.storyboard */,
				09C7E826219AE7DD006E2F4B /* Assets.xcassets */,
				09C7E828219AE7DD006E2F4B /* LaunchScreen.storyboard */,
				09C7E82B219AE7DD006E2F4B /* Info.plist */,
				09C7E82C219AE7DD006E2F4B /* main.m */,
			);
			path = "RAC-第一课";
			sourceTree = "<group>";
		};
		09C7E835219AE7DD006E2F4B /* RAC-第一课Tests */ = {
			isa = PBXGroup;
			children = (
				09C7E836219AE7DD006E2F4B /* RAC____Tests.m */,
				09C7E838219AE7DD006E2F4B /* Info.plist */,
			);
			path = "RAC-第一课Tests";
			sourceTree = "<group>";
		};
		09C7E840219AE7DD006E2F4B /* RAC-第一课UITests */ = {
			isa = PBXGroup;
			children = (
				09C7E841219AE7DD006E2F4B /* RAC____UITests.m */,
				09C7E843219AE7DD006E2F4B /* Info.plist */,
			);
			path = "RAC-第一课UITests";
			sourceTree = "<group>";
		};
		09C7E84F219B0460006E2F4B /* Frameworks */ = {
			isa = PBXGroup;
			children = (
				09C7E94B219E56CA006E2F4B /* libPods-LastTests.a */,
				09C7E949219E5683006E2F4B /* libReactiveObjC.a */,
				09C7E947219E55D0006E2F4B /* libPods-Last.a */,
				09C7E852219B047F006E2F4B /* Pods_RAC_第一节.framework */,
				98B536B1EA641E009F53E19A /* libPods-RAC-第一课.a */,
			);
			name = Frameworks;
			sourceTree = "<group>";
		};
		131285A9FA0D9727E294D17A /* Pods */ = {
			isa = PBXGroup;
			children = (
				FCA56D452466AA76E35775B4 /* Pods-RAC-第一课.debug.xcconfig */,
				E58A00AA04432A39DE2B34FF /* Pods-RAC-第一课.release.xcconfig */,
			);
			name = Pods;
			sourceTree = "<group>";
		};
/* End PBXGroup section */

/* Begin PBXNativeTarget section */
		09C7E819219AE7DC006E2F4B /* RAC-第一课 */ = {
			isa = PBXNativeTarget;
			buildConfigurationList = 09C7E846219AE7DD006E2F4B /* Build configuration list for PBXNativeTarget "RAC-第一课" */;
			buildPhases = (
				66F46D11991D6191E6041961 /* [CP] Check Pods Manifest.lock */,
				09C7E816219AE7DC006E2F4B /* Sources */,
				09C7E817219AE7DC006E2F4B /* Frameworks */,
				09C7E818219AE7DC006E2F4B /* Resources */,
			);
			buildRules = (
			);
			dependencies = (
			);
			name = "RAC-第一课";
			productName = "RAC-第一课";
			productReference = 09C7E81A219AE7DC006E2F4B /* RAC-第一课.app */;
			productType = "com.apple.product-type.application";
		};
		09C7E831219AE7DD006E2F4B /* RAC-第一课Tests */ = {
			isa = PBXNativeTarget;
			buildConfigurationList = 09C7E849219AE7DD006E2F4B /* Build configuration list for PBXNativeTarget "RAC-第一课Tests" */;
			buildPhases = (
				09C7E82E219AE7DD006E2F4B /* Sources */,
				09C7E82F219AE7DD006E2F4B /* Frameworks */,
				09C7E830219AE7DD006E2F4B /* Resources */,
			);
			buildRules = (
			);
			dependencies = (
				09C7E834219AE7DD006E2F4B /* PBXTargetDependency */,
			);
			name = "RAC-第一课Tests";
			productName = "RAC-第一课Tests";
			productReference = 09C7E832219AE7DD006E2F4B /* RAC-第一课Tests.xctest */;
			productType = "com.apple.product-type.bundle.unit-test";
		};
		09C7E83C219AE7DD006E2F4B /* RAC-第一课UITests */ = {
			isa = PBXNativeTarget;
			buildConfigurationList = 09C7E84C219AE7DD006E2F4B /* Build configuration list for PBXNativeTarget "RAC-第一课UITests" */;
			buildPhases = (
				09C7E839219AE7DD006E2F4B /* Sources */,
				09C7E83A219AE7DD006E2F4B /* Frameworks */,
				09C7E83B219AE7DD006E2F4B /* Resources */,
			);
			buildRules = (
			);
			dependencies = (
				09C7E83F219AE7DD006E2F4B /* PBXTargetDependency */,
			);
			name = "RAC-第一课UITests";
			productName = "RAC-第一课UITests";
			productReference = 09C7E83D219AE7DD006E2F4B /* RAC-第一课UITests.xctest */;
			productType = "com.apple.product-type.bundle.ui-testing";
		};
/* End PBXNativeTarget section */

/* Begin PBXProject section */
		09C7E812219AE7DC006E2F4B /* Project object */ = {
			isa = PBXProject;
			attributes = {
				LastUpgradeCheck = 0940;
				ORGANIZATIONNAME = Wanwin;
				TargetAttributes = {
					09C7E819219AE7DC006E2F4B = {
						CreatedOnToolsVersion = 9.4;
					};
					09C7E831219AE7DD006E2F4B = {
						CreatedOnToolsVersion = 9.4;
						TestTargetID = 09C7E819219AE7DC006E2F4B;
					};
					09C7E83C219AE7DD006E2F4B = {
						CreatedOnToolsVersion = 9.4;
						TestTargetID = 09C7E819219AE7DC006E2F4B;
					};
				};
			};
			buildConfigurationList = 09C7E815219AE7DC006E2F4B /* Build configuration list for PBXProject "RAC-第一课" */;
			compatibilityVersion = "Xcode 9.3";
			developmentRegion = en;
			hasScannedForEncodings = 0;
			knownRegions = (
				en,
				Base,
			);
			mainGroup = 09C7E811219AE7DC006E2F4B;
			productRefGroup = 09C7E81B219AE7DC006E2F4B /* Products */;
			projectDirPath = "";
			projectRoot = "";
			targets = (
				09C7E819219AE7DC006E2F4B /* RAC-第一课 */,
				09C7E831219AE7DD006E2F4B /* RAC-第一课Tests */,
				09C7E83C219AE7DD006E2F4B /* RAC-第一课UITests */,
			);
		};
/* End PBXProject section */

/* Begin PBXResourcesBuildPhase section */
		09C7E818219AE7DC006E2F4B /* Resources */ = {
			isa = PBXResourcesBuildPhase;
			buildActionMask = 2147483647;
			files = (
				09C7E82A219AE7DD006E2F4B /* LaunchScreen.storyboard in Resources */,
				09C7E827219AE7DD006E2F4B /* Assets.xcassets in Resources */,
				09C7E825219AE7DC006E2F4B /* Main.storyboard in Resources */,
			);
			runOnlyForDeploymentPostprocessing = 0;
		};
		09C7E830219AE7DD006E2F4B /* Resources */ = {
			isa = PBXResourcesBuildPhase;
			buildActionMask = 2147483647;
			files = (
			);
			runOnlyForDeploymentPostprocessing = 0;
		};
		09C7E83B219AE7DD006E2F4B /* Resources */ = {
			isa = PBXResourcesBuildPhase;
			buildActionMask = 2147483647;
			files = (
			);
			runOnlyForDeploymentPostprocessing = 0;
		};
/* End PBXResourcesBuildPhase section */

/* Begin PBXShellScriptBuildPhase section */
		66F46D11991D6191E6041961 /* [CP] Check Pods Manifest.lock */ = {
			isa = PBXShellScriptBuildPhase;
			buildActionMask = 2147483647;
			files = (
			);
			inputPaths = (
				"${PODS_PODFILE_DIR_PATH}/Podfile.lock",
				"${PODS_ROOT}/Manifest.lock",
			);
			name = "[CP] Check Pods Manifest.lock";
			outputPaths = (
				"$(DERIVED_FILE_DIR)/Pods-RAC-第一课-checkManifestLockResult.txt",
			);
			runOnlyForDeploymentPostprocessing = 0;
			shellPath = /bin/sh;
			shellScript = "diff \"${PODS_PODFILE_DIR_PATH}/Podfile.lock\" \"${PODS_ROOT}/Manifest.lock\" > /dev/null\nif [ $? != 0 ] ; then\n    # print error to STDERR\n    echo \"error: The sandbox is not in sync with the Podfile.lock. Run 'pod install' or update your CocoaPods installation.\" >&2\n    exit 1\nfi\n# This output is used by Xcode 'outputs' to avoid re-running this script phase.\necho \"SUCCESS\" > \"${SCRIPT_OUTPUT_FILE_0}\"\n";
			showEnvVarsInLog = 0;
		};
/* End PBXShellScriptBuildPhase section */

/* Begin PBXSourcesBuildPhase section */
		09C7E816219AE7DC006E2F4B /* Sources */ = {
			isa = PBXSourcesBuildPhase;
			buildActionMask = 2147483647;
			files = (
				09C7E822219AE7DC006E2F4B /* ViewController.m in Sources */,
				09C7E82D219AE7DD006E2F4B /* main.m in Sources */,
				09C7E81F219AE7DC006E2F4B /* AppDelegate.m in Sources */,
			);
			runOnlyForDeploymentPostprocessing = 0;
		};
		09C7E82E219AE7DD006E2F4B /* Sources */ = {
			isa = PBXSourcesBuildPhase;
			buildActionMask = 2147483647;
			files = (
				09C7E837219AE7DD006E2F4B /* RAC____Tests.m in Sources */,
			);
			runOnlyForDeploymentPostprocessing = 0;
		};
		09C7E839219AE7DD006E2F4B /* Sources */ = {
			isa = PBXSourcesBuildPhase;
			buildActionMask = 2147483647;
			files = (
				09C7E842219AE7DD006E2F4B /* RAC____UITests.m in Sources */,
			);
			runOnlyForDeploymentPostprocessing = 0;
		};
/* End PBXSourcesBuildPhase section */

/* Begin PBXTargetDependency section */
		09C7E834219AE7DD006E2F4B /* PBXTargetDependency */ = {
			isa = PBXTargetDependency;
			target = 09C7E819219AE7DC006E2F4B /* RAC-第一课 */;
			targetProxy = 09C7E833219AE7DD006E2F4B /* PBXContainerItemProxy */;
		};
		09C7E83F219AE7DD006E2F4B /* PBXTargetDependency */ = {
			isa = PBXTargetDependency;
			target = 09C7E819219AE7DC006E2F4B /* RAC-第一课 */;
			targetProxy = 09C7E83E219AE7DD006E2F4B /* PBXContainerItemProxy */;
		};
/* End PBXTargetDependency section */

/* Begin PBXVariantGroup section */
		09C7E823219AE7DC006E2F4B /* Main.storyboard */ = {
			isa = PBXVariantGroup;
			children = (
				09C7E824219AE7DC006E2F4B /* Base */,
			);
			name = Main.storyboard;
			sourceTree = "<group>";
		};
		09C7E828219AE7DD006E2F4B /* LaunchScreen.storyboard */ = {
			isa = PBXVariantGroup;
			children = (
				09C7E829219AE7DD006E2F4B /* Base */,
			);
			name = LaunchScreen.storyboard;
			sourceTree = "<group>";
		};
/* End PBXVariantGroup section */

/* Begin XCBuildConfiguration section */
		09C7E844219AE7DD006E2F4B /* Debug */ = {
			isa = XCBuildConfiguration;
			buildSettings = {
				ALWAYS_SEARCH_USER_PATHS = NO;
				CLANG_ANALYZER_NONNULL = YES;
				CLANG_ANALYZER_NUMBER_OBJECT_CONVERSION = YES_AGGRESSIVE;
				CLANG_CXX_LANGUAGE_STANDARD = "gnu++14";
				CLANG_CXX_LIBRARY = "libc++";
				CLANG_ENABLE_MODULES = YES;
				CLANG_ENABLE_OBJC_ARC = YES;
				CLANG_ENABLE_OBJC_WEAK = YES;
				CLANG_WARN_BLOCK_CAPTURE_AUTORELEASING = YES;
				CLANG_WARN_BOOL_CONVERSION = YES;
				CLANG_WARN_COMMA = YES;
				CLANG_WARN_CONSTANT_CONVERSION = YES;
				CLANG_WARN_DEPRECATED_OBJC_IMPLEMENTATIONS = YES;
				CLANG_WARN_DIRECT_OBJC_ISA_USAGE = YES_ERROR;
				CLANG_WARN_DOCUMENTATION_COMMENTS = YES;
				CLANG_WARN_EMPTY_BODY = YES;
				CLANG_WARN_ENUM_CONVERSION = YES;
				CLANG_WARN_INFINITE_RECURSION = YES;
				CLANG_WARN_INT_CONVERSION = YES;
				CLANG_WARN_NON_LITERAL_NULL_CONVERSION = YES;
				CLANG_WARN_OBJC_IMPLICIT_RETAIN_SELF = YES;
				CLANG_WARN_OBJC_LITERAL_CONVERSION = YES;
				CLANG_WARN_OBJC_ROOT_CLASS = YES_ERROR;
				CLANG_WARN_RANGE_LOOP_ANALYSIS = YES;
				CLANG_WARN_STRICT_PROTOTYPES = YES;
				CLANG_WARN_SUSPICIOUS_MOVE = YES;
				CLANG_WARN_UNGUARDED_AVAILABILITY = YES_AGGRESSIVE;
				CLANG_WARN_UNREACHABLE_CODE = YES;
				CLANG_WARN__DUPLICATE_METHOD_MATCH = YES;
				CODE_SIGN_IDENTITY = "iPhone Developer";
				COPY_PHASE_STRIP = NO;
				DEBUG_INFORMATION_FORMAT = dwarf;
				ENABLE_STRICT_OBJC_MSGSEND = YES;
				ENABLE_TESTABILITY = YES;
				GCC_C_LANGUAGE_STANDARD = gnu11;
				GCC_DYNAMIC_NO_PIC = NO;
				GCC_NO_COMMON_BLOCKS = YES;
				GCC_OPTIMIZATION_LEVEL = 0;
				GCC_PREPROCESSOR_DEFINITIONS = (
					"DEBUG=1",
					"$(inherited)",
				);
				GCC_WARN_64_TO_32_BIT_CONVERSION = YES;
				GCC_WARN_ABOUT_RETURN_TYPE = YES_ERROR;
				GCC_WARN_UNDECLARED_SELECTOR = YES;
				GCC_WARN_UNINITIALIZED_AUTOS = YES_AGGRESSIVE;
				GCC_WARN_UNUSED_FUNCTION = YES;
				GCC_WARN_UNUSED_VARIABLE = YES;
				IPHONEOS_DEPLOYMENT_TARGET = 11.4;
				MTL_ENABLE_DEBUG_INFO = YES;
				ONLY_ACTIVE_ARCH = YES;
				SDKROOT = iphoneos;
			};
			name = Debug;
		};
		09C7E845219AE7DD006E2F4B /* Release */ = {
			isa = XCBuildConfiguration;
			buildSettings = {
				ALWAYS_SEARCH_USER_PATHS = NO;
				CLANG_ANALYZER_NONNULL = YES;
				CLANG_ANALYZER_NUMBER_OBJECT_CONVERSION = YES_AGGRESSIVE;
				CLANG_CXX_LANGUAGE_STANDARD = "gnu++14";
				CLANG_CXX_LIBRARY = "libc++";
				CLANG_ENABLE_MODULES = YES;
				CLANG_ENABLE_OBJC_ARC = YES;
				CLANG_ENABLE_OBJC_WEAK = YES;
				CLANG_WARN_BLOCK_CAPTURE_AUTORELEASING = YES;
				CLANG_WARN_BOOL_CONVERSION = YES;
				CLANG_WARN_COMMA = YES;
				CLANG_WARN_CONSTANT_CONVERSION = YES;
				CLANG_WARN_DEPRECATED_OBJC_IMPLEMENTATIONS = YES;
				CLANG_WARN_DIRECT_OBJC_ISA_USAGE = YES_ERROR;
				CLANG_WARN_DOCUMENTATION_COMMENTS = YES;
				CLANG_WARN_EMPTY_BODY = YES;
				CLANG_WARN_ENUM_CONVERSION = YES;
				CLANG_WARN_INFINITE_RECURSION = YES;
				CLANG_WARN_INT_CONVERSION = YES;
				CLANG_WARN_NON_LITERAL_NULL_CONVERSION = YES;
				CLANG_WARN_OBJC_IMPLICIT_RETAIN_SELF = YES;
				CLANG_WARN_OBJC_LITERAL_CONVERSION = YES;
				CLANG_WARN_OBJC_ROOT_CLASS = YES_ERROR;
				CLANG_WARN_RANGE_LOOP_ANALYSIS = YES;
				CLANG_WARN_STRICT_PROTOTYPES = YES;
				CLANG_WARN_SUSPICIOUS_MOVE = YES;
				CLANG_WARN_UNGUARDED_AVAILABILITY = YES_AGGRESSIVE;
				CLANG_WARN_UNREACHABLE_CODE = YES;
				CLANG_WARN__DUPLICATE_METHOD_MATCH = YES;
				CODE_SIGN_IDENTITY = "iPhone Developer";
				COPY_PHASE_STRIP = NO;
				DEBUG_INFORMATION_FORMAT = "dwarf-with-dsym";
				ENABLE_NS_ASSERTIONS = NO;
				ENABLE_STRICT_OBJC_MSGSEND = YES;
				GCC_C_LANGUAGE_STANDARD = gnu11;
				GCC_NO_COMMON_BLOCKS = YES;
				GCC_WARN_64_TO_32_BIT_CONVERSION = YES;
				GCC_WARN_ABOUT_RETURN_TYPE = YES_ERROR;
				GCC_WARN_UNDECLARED_SELECTOR = YES;
				GCC_WARN_UNINITIALIZED_AUTOS = YES_AGGRESSIVE;
				GCC_WARN_UNUSED_FUNCTION = YES;
				GCC_WARN_UNUSED_VARIABLE = YES;
				IPHONEOS_DEPLOYMENT_TARGET = 11.4;
				MTL_ENABLE_DEBUG_INFO = NO;
				SDKROOT = iphoneos;
				VALIDATE_PRODUCT = YES;
			};
			name = Release;
		};
		09C7E847219AE7DD006E2F4B /* Debug */ = {
			isa = XCBuildConfiguration;
			baseConfigurationReference = FCA56D452466AA76E35775B4 /* Pods-RAC-第一课.debug.xcconfig */;
			buildSettings = {
				ASSETCATALOG_COMPILER_APPICON_NAME = AppIcon;
				CODE_SIGN_STYLE = Automatic;
				DEVELOPMENT_TEAM = 7TNL83WLRC;
				HEADER_SEARCH_PATHS = "";
				INFOPLIST_FILE = "RAC-第一课/Info.plist";
				LD_RUNPATH_SEARCH_PATHS = (
					"$(inherited)",
					"@executable_path/Frameworks",
				);
				PRODUCT_BUNDLE_IDENTIFIER = "dyt.personalDemo.RAC----";
				PRODUCT_NAME = "$(TARGET_NAME)";
				TARGETED_DEVICE_FAMILY = "1,2";
				USER_HEADER_SEARCH_PATHS = "";
			};
			name = Debug;
		};
		09C7E848219AE7DD006E2F4B /* Release */ = {
			isa = XCBuildConfiguration;
			baseConfigurationReference = E58A00AA04432A39DE2B34FF /* Pods-RAC-第一课.release.xcconfig */;
			buildSettings = {
				ASSETCATALOG_COMPILER_APPICON_NAME = AppIcon;
				CODE_SIGN_STYLE = Automatic;
				DEVELOPMENT_TEAM = 7TNL83WLRC;
				HEADER_SEARCH_PATHS = "";
				INFOPLIST_FILE = "RAC-第一课/Info.plist";
				LD_RUNPATH_SEARCH_PATHS = (
					"$(inherited)",
					"@executable_path/Frameworks",
				);
				PRODUCT_BUNDLE_IDENTIFIER = "dyt.personalDemo.RAC----";
				PRODUCT_NAME = "$(TARGET_NAME)";
				TARGETED_DEVICE_FAMILY = "1,2";
				USER_HEADER_SEARCH_PATHS = "";
			};
			name = Release;
		};
		09C7E84A219AE7DD006E2F4B /* Debug */ = {
			isa = XCBuildConfiguration;
			buildSettings = {
				BUNDLE_LOADER = "$(TEST_HOST)";
				CODE_SIGN_STYLE = Automatic;
				DEVELOPMENT_TEAM = 7TNL83WLRC;
				INFOPLIST_FILE = "RAC-第一课Tests/Info.plist";
				LD_RUNPATH_SEARCH_PATHS = (
					"$(inherited)",
					"@executable_path/Frameworks",
					"@loader_path/Frameworks",
				);
				PRODUCT_BUNDLE_IDENTIFIER = "dyt.personalDemo.RAC----Tests";
				PRODUCT_NAME = "$(TARGET_NAME)";
				TARGETED_DEVICE_FAMILY = "1,2";
				TEST_HOST = "$(BUILT_PRODUCTS_DIR)/RAC-第一课.app/RAC-第一课";
			};
			name = Debug;
		};
		09C7E84B219AE7DD006E2F4B /* Release */ = {
			isa = XCBuildConfiguration;
			buildSettings = {
				BUNDLE_LOADER = "$(TEST_HOST)";
				CODE_SIGN_STYLE = Automatic;
				DEVELOPMENT_TEAM = 7TNL83WLRC;
				INFOPLIST_FILE = "RAC-第一课Tests/Info.plist";
				LD_RUNPATH_SEARCH_PATHS = (
					"$(inherited)",
					"@executable_path/Frameworks",
					"@loader_path/Frameworks",
				);
				PRODUCT_BUNDLE_IDENTIFIER = "dyt.personalDemo.RAC----Tests";
				PRODUCT_NAME = "$(TARGET_NAME)";
				TARGETED_DEVICE_FAMILY = "1,2";
				TEST_HOST = "$(BUILT_PRODUCTS_DIR)/RAC-第一课.app/RAC-第一课";
			};
			name = Release;
		};
		09C7E84D219AE7DD006E2F4B /* Debug */ = {
			isa = XCBuildConfiguration;
			buildSettings = {
				CODE_SIGN_STYLE = Automatic;
				DEVELOPMENT_TEAM = 7TNL83WLRC;
				INFOPLIST_FILE = "RAC-第一课UITests/Info.plist";
				LD_RUNPATH_SEARCH_PATHS = (
					"$(inherited)",
					"@executable_path/Frameworks",
					"@loader_path/Frameworks",
				);
				PRODUCT_BUNDLE_IDENTIFIER = "dyt.personalDemo.RAC----UITests";
				PRODUCT_NAME = "$(TARGET_NAME)";
				TARGETED_DEVICE_FAMILY = "1,2";
				TEST_TARGET_NAME = "RAC-第一课";
			};
			name = Debug;
		};
		09C7E84E219AE7DD006E2F4B /* Release */ = {
			isa = XCBuildConfiguration;
			buildSettings = {
				CODE_SIGN_STYLE = Automatic;
				DEVELOPMENT_TEAM = 7TNL83WLRC;
				INFOPLIST_FILE = "RAC-第一课UITests/Info.plist";
				LD_RUNPATH_SEARCH_PATHS = (
					"$(inherited)",
					"@executable_path/Frameworks",
					"@loader_path/Frameworks",
				);
				PRODUCT_BUNDLE_IDENTIFIER = "dyt.personalDemo.RAC----UITests";
				PRODUCT_NAME = "$(TARGET_NAME)";
				TARGETED_DEVICE_FAMILY = "1,2";
				TEST_TARGET_NAME = "RAC-第一课";
			};
			name = Release;
		};
/* End XCBuildConfiguration section */

/* Begin XCConfigurationList section */
		09C7E815219AE7DC006E2F4B /* Build configuration list for PBXProject "RAC-第一课" */ = {
			isa = XCConfigurationList;
			buildConfigurations = (
				09C7E844219AE7DD006E2F4B /* Debug */,
				09C7E845219AE7DD006E2F4B /* Release */,
			);
			defaultConfigurationIsVisible = 0;
			defaultConfigurationName = Release;
		};
		09C7E846219AE7DD006E2F4B /* Build configuration list for PBXNativeTarget "RAC-第一课" */ = {
			isa = XCConfigurationList;
			buildConfigurations = (
				09C7E847219AE7DD006E2F4B /* Debug */,
				09C7E848219AE7DD006E2F4B /* Release */,
			);
			defaultConfigurationIsVisible = 0;
			defaultConfigurationName = Release;
		};
		09C7E849219AE7DD006E2F4B /* Build configuration list for PBXNativeTarget "RAC-第一课Tests" */ = {
			isa = XCConfigurationList;
			buildConfigurations = (
				09C7E84A219AE7DD006E2F4B /* Debug */,
				09C7E84B219AE7DD006E2F4B /* Release */,
			);
			defaultConfigurationIsVisible = 0;
			defaultConfigurationName = Release;
		};
		09C7E84C219AE7DD006E2F4B /* Build configuration list for PBXNativeTarget "RAC-第一课UITests" */ = {
			isa = XCConfigurationList;
			buildConfigurations = (
				09C7E84D219AE7DD006E2F4B /* Debug */,
				09C7E84E219AE7DD006E2F4B /* Release */,
			);
			defaultConfigurationIsVisible = 0;
			defaultConfigurationName = Release;
		};
/* End XCConfigurationList section */
	};
	rootObject = 09C7E812219AE7DC006E2F4B /* Project object */;
}
